
Microsoft Visual Studio Solution File, Format Version 12.00
# Visual Studio Version 17
VisualStudioVersion = 17.5.002.0
MinimumVisualStudioVersion = 10.0.40219.1
Project("{9A19103F-16F7-4668-BE54-9A1E7A4F7556}") = "MyWebApp", "MyWebApp\MyWebApp.csproj", "{F280F1AE-0193-4EC0-8249-2500D910E094}"
EndProject
Global
	GlobalSection(SolutionConfigurationPlatforms) = preSolution
		Debug|Any CPU = Debug|Any CPU
		Release|Any CPU = Release|Any CPU
	EndGlobalSection
	GlobalSection(ProjectConfigurationPlatforms) = postSolution
		{F280F1AE-0193-4EC0-8249-2500D910E094}.Debug|Any CPU.ActiveCfg = Debug|Any CPU
		{F280F1AE-0193-4EC0-8249-2500D910E094}.Debug|Any CPU.Build.0 = Debug|Any CPU
		{F280F1AE-0193-4EC0-8249-2500D910E094}.Release|Any CPU.ActiveCfg = Release|Any CPU
		{F280F1AE-0193-4EC0-8249-2500D910E094}.Release|Any CPU.Build.0 = Release|Any CPU
	EndGlobalSection
	GlobalSection(SolutionProperties) = preSolution
		HideSolutionNode = FALSE
	EndGlobalSection
	GlobalSection(ExtensibilityGlobals) = postSolution
		SolutionGuid = {47BB60F2-7A2F-45D1-BEF1-C8BD6516E1DC}
	EndGlobalSection
EndGlobal
